
Microsoft Visual Studio Solution File, Format Version 12.00
# Visual Studio Version 16
VisualStudioVersion = 16.0.32428.217
MinimumVisualStudioVersion = 10.0.40219.1
Project("{FAE04EC0-301F-11D3-BF4B-00C04F79EFBC}") = "UserRegistration", "UserRegistration\UserRegistration.csproj", "{428611FC-83A1-4D60-9FEE-780051F3C6FD}"
EndProject
Global
	GlobalSection(SolutionConfigurationPlatforms) = preSolution
		Debug|Any CPU = Debug|Any CPU
		Release|Any CPU = Release|Any CPU
	EndGlobalSection
	GlobalSection(ProjectConfigurationPlatforms) = postSolution
		{428611FC-83A1-4D60-9FEE-780051F3C6FD}.Debug|Any CPU.ActiveCfg = Debug|Any CPU
		{428611FC-83A1-4D60-9FEE-780051F3C6FD}.Debug|Any CPU.Build.0 = Debug|Any CPU
		{428611FC-83A1-4D60-9FEE-780051F3C6FD}.Release|Any CPU.ActiveCfg = Release|Any CPU
		{428611FC-83A1-4D60-9FEE-780051F3C6FD}.Release|Any CPU.Build.0 = Release|Any CPU
	EndGlobalSection
	GlobalSection(SolutionProperties) = preSolution
		HideSolutionNode = FALSE
	EndGlobalSection
	GlobalSection(ExtensibilityGlobals) = postSolution
		SolutionGuid = {65BECD5A-420C-4B06-8FD8-0A01FE04FDFD}
	EndGlobalSection
EndGlobal
